# THIS IS AN AUTOGENERATED FILE. DO NOT EDIT THIS FILE DIRECTLY.
# yarn lockfile v1


angular@^1.8.2:
  version "1.8.3"
  resolved "https://registry.yarnpkg.com/angular/-/angular-1.8.3.tgz#851ad75d5163c105a7e329555ef70c90aa706894"
  integrity sha512-5qjkWIQQVsHj4Sb5TcEs4WZWpFeVFHXwxEBHUhrny41D8UrBAd6T/6nPPAsLngJCReIOqi95W3mxdveveutpZw==

ng@^0.0.0:
  version "0.0.0"
  resolved "https://registry.yarnpkg.com/ng/-/ng-0.0.0.tgz#1ab91a42699d5fcc8d3b674006027fd3006ec551"
  integrity sha512-HwR40IBJa1ZU+CIGyuy7vSCN3xFYlSRfw5eIwwKOdOMNNNIl8KhT6PXKmHuFEFYpfrbOMaCYtr4QOJ3gkkubcg==

yarn@^1.22.19:
  version "1.22.19"
  resolved "https://registry.yarnpkg.com/yarn/-/yarn-1.22.19.tgz#4ba7fc5c6e704fce2066ecbfb0b0d8976fe62447"
  integrity sha512-/0V5q0WbslqnwP91tirOvldvYISzaqhClxzyUKXYxs07yUILIs5jx/k6CFe8bvKSkds5w+eiOqta39Wk3WxdcQ==
